
Microsoft Visual Studio Solution File, Format Version 12.00
# Visual Studio 14
VisualStudioVersion = 14.0.25420.1
MinimumVisualStudioVersion = 10.0.40219.1
Project("{FAE04EC0-301F-11D3-BF4B-00C04F79EFBC}") = "WFBS.Business.Core", "WFBS.Business.Core\WFBS.Business.Core.csproj", "{CAB796D7-7B64-4CCF-9B31-7A257892EAB5}"
EndProject
Project("{FAE04EC0-301F-11D3-BF4B-00C04F79EFBC}") = "WFBS.DAL", "WFBS.DAL\WFBS.DAL.csproj", "{E9849EAE-F230-4DCA-9322-8C59F572D43B}"
EndProject
Project("{FAE04EC0-301F-11D3-BF4B-00C04F79EFBC}") = "WFBS.Presentation", "WFBS.Presentation\WFBS.Presentation.csproj", "{812E823E-85FB-4C7A-88D7-B53635F0EC1D}"
	ProjectSection(ProjectDependencies) = postProject
		{060A04C0-557A-4DA7-A785-5AEC0E4A73DD} = {060A04C0-557A-4DA7-A785-5AEC0E4A73DD}
	EndProjectSection
EndProject
Project("{FAE04EC0-301F-11D3-BF4B-00C04F79EFBC}") = "WFBS.UnitTests", "WFBS.UnitTests\WFBS.UnitTests.csproj", "{F1833AED-3008-414A-8D95-1A96886D3AE2}"
EndProject
Project("{FAE04EC0-301F-11D3-BF4B-00C04F79EFBC}") = "WFBS.Service", "WFBS.Service\WFBS.Service.csproj", "{060A04C0-557A-4DA7-A785-5AEC0E4A73DD}"
EndProject
Project("{FAE04EC0-301F-11D3-BF4B-00C04F79EFBC}") = "WFBS.Business.Log", "WFBS.Business.Log\WFBS.Business.Log.csproj", "{D6CFD339-F00D-4873-9BD9-4A0FD323650D}"
EndProject
Global
	GlobalSection(SolutionConfigurationPlatforms) = preSolution
		Debug|Any CPU = Debug|Any CPU
		Release|Any CPU = Release|Any CPU
	EndGlobalSection
	GlobalSection(ProjectConfigurationPlatforms) = postSolution
		{CAB796D7-7B64-4CCF-9B31-7A257892EAB5}.Debug|Any CPU.ActiveCfg = Debug|Any CPU
		{CAB796D7-7B64-4CCF-9B31-7A257892EAB5}.Debug|Any CPU.Build.0 = Debug|Any CPU
		{CAB796D7-7B64-4CCF-9B31-7A257892EAB5}.Release|Any CPU.ActiveCfg = Release|Any CPU
		{CAB796D7-7B64-4CCF-9B31-7A257892EAB5}.Release|Any CPU.Build.0 = Release|Any CPU
		{E9849EAE-F230-4DCA-9322-8C59F572D43B}.Debug|Any CPU.ActiveCfg = Debug|Any CPU
		{E9849EAE-F230-4DCA-9322-8C59F572D43B}.Debug|Any CPU.Build.0 = Debug|Any CPU
		{E9849EAE-F230-4DCA-9322-8C59F572D43B}.Release|Any CPU.ActiveCfg = Release|Any CPU
		{E9849EAE-F230-4DCA-9322-8C59F572D43B}.Release|Any CPU.Build.0 = Release|Any CPU
		{812E823E-85FB-4C7A-88D7-B53635F0EC1D}.Debug|Any CPU.ActiveCfg = Debug|Any CPU
		{812E823E-85FB-4C7A-88D7-B53635F0EC1D}.Debug|Any CPU.Build.0 = Debug|Any CPU
		{812E823E-85FB-4C7A-88D7-B53635F0EC1D}.Release|Any CPU.ActiveCfg = Release|Any CPU
		{812E823E-85FB-4C7A-88D7-B53635F0EC1D}.Release|Any CPU.Build.0 = Release|Any CPU
		{F1833AED-3008-414A-8D95-1A96886D3AE2}.Debug|Any CPU.ActiveCfg = Debug|Any CPU
		{F1833AED-3008-414A-8D95-1A96886D3AE2}.Debug|Any CPU.Build.0 = Debug|Any CPU
		{F1833AED-3008-414A-8D95-1A96886D3AE2}.Release|Any CPU.ActiveCfg = Release|Any CPU
		{F1833AED-3008-414A-8D95-1A96886D3AE2}.Release|Any CPU.Build.0 = Release|Any CPU
		{060A04C0-557A-4DA7-A785-5AEC0E4A73DD}.Debug|Any CPU.ActiveCfg = Debug|Any CPU
		{060A04C0-557A-4DA7-A785-5AEC0E4A73DD}.Debug|Any CPU.Build.0 = Debug|Any CPU
		{060A04C0-557A-4DA7-A785-5AEC0E4A73DD}.Release|Any CPU.ActiveCfg = Release|Any CPU
		{060A04C0-557A-4DA7-A785-5AEC0E4A73DD}.Release|Any CPU.Build.0 = Release|Any CPU
		{D6CFD339-F00D-4873-9BD9-4A0FD323650D}.Debug|Any CPU.ActiveCfg = Debug|Any CPU
		{D6CFD339-F00D-4873-9BD9-4A0FD323650D}.Debug|Any CPU.Build.0 = Debug|Any CPU
		{D6CFD339-F00D-4873-9BD9-4A0FD323650D}.Release|Any CPU.ActiveCfg = Release|Any CPU
		{D6CFD339-F00D-4873-9BD9-4A0FD323650D}.Release|Any CPU.Build.0 = Release|Any CPU
	EndGlobalSection
	GlobalSection(SolutionProperties) = preSolution
		HideSolutionNode = FALSE
	EndGlobalSection
EndGlobal
